
Microsoft Visual Studio Solution File, Format Version 12.00
# Visual Studio Version 17
VisualStudioVersion = 17.13.35806.99
MinimumVisualStudioVersion = 10.0.40219.1
Project("{2150E333-8FDC-42A3-9474-1A3956D46DE8}") = "Infrastructure", "Infrastructure", "{02EA681E-C7D8-13C7-8484-4AC65E1B71E8}"
EndProject
Project("{2150E333-8FDC-42A3-9474-1A3956D46DE8}") = "Presentation", "Presentation", "{369CB01D-A1A7-72D2-AABC-3F0945D148A2}"
EndProject
Project("{2150E333-8FDC-42A3-9474-1A3956D46DE8}") = "Core", "Core", "{7DC331D0-3EC4-40A6-69FB-1CBEB2E0D1EA}"
EndProject
Project("{FAE04EC0-301F-11D3-BF4B-00C04F79EFBC}") = "ETicaretAPI.Domain", "Core\ETicaretAPI.Domain\ETicaretAPI.Domain.csproj", "{BA891D87-C83C-4851-9929-78072282B124}"
EndProject
Project("{FAE04EC0-301F-11D3-BF4B-00C04F79EFBC}") = "ETicaretAPI.Application", "Core\ETicaretAPI.Application\ETicaretAPI.Application.csproj", "{4DF7BD43-8692-4DA7-BFFC-5D765142968A}"
EndProject
Project("{FAE04EC0-301F-11D3-BF4B-00C04F79EFBC}") = "ETicaretAPI.Infrastructure", "Infrastructure\ETicaretAPI.Infrastructure\ETicaretAPI.Infrastructure.csproj", "{A864DB8C-80FE-4C55-A605-CB37320FAEFE}"
EndProject
Project("{FAE04EC0-301F-11D3-BF4B-00C04F79EFBC}") = "ETicaretAPI.Persistance", "Infrastructure\ETicaretAPI.Persistance\ETicaretAPI.Persistance.csproj", "{B0A0E97A-135E-4A77-8CA7-6061368AF287}"
EndProject
Project("{FAE04EC0-301F-11D3-BF4B-00C04F79EFBC}") = "ETicaretAPI.API", "Presentation\ETicaretAPI.API\ETicaretAPI.API.csproj", "{793D5D17-1D41-474B-9B8A-81427FB35CC4}"
EndProject
Global
	GlobalSection(SolutionConfigurationPlatforms) = preSolution
		Debug|Any CPU = Debug|Any CPU
		Release|Any CPU = Release|Any CPU
	EndGlobalSection
	GlobalSection(ProjectConfigurationPlatforms) = postSolution
		{BA891D87-C83C-4851-9929-78072282B124}.Debug|Any CPU.ActiveCfg = Debug|Any CPU
		{BA891D87-C83C-4851-9929-78072282B124}.Debug|Any CPU.Build.0 = Debug|Any CPU
		{BA891D87-C83C-4851-9929-78072282B124}.Release|Any CPU.ActiveCfg = Release|Any CPU
		{BA891D87-C83C-4851-9929-78072282B124}.Release|Any CPU.Build.0 = Release|Any CPU
		{4DF7BD43-8692-4DA7-BFFC-5D765142968A}.Debug|Any CPU.ActiveCfg = Debug|Any CPU
		{4DF7BD43-8692-4DA7-BFFC-5D765142968A}.Debug|Any CPU.Build.0 = Debug|Any CPU
		{4DF7BD43-8692-4DA7-BFFC-5D765142968A}.Release|Any CPU.ActiveCfg = Release|Any CPU
		{4DF7BD43-8692-4DA7-BFFC-5D765142968A}.Release|Any CPU.Build.0 = Release|Any CPU
		{A864DB8C-80FE-4C55-A605-CB37320FAEFE}.Debug|Any CPU.ActiveCfg = Debug|Any CPU
		{A864DB8C-80FE-4C55-A605-CB37320FAEFE}.Debug|Any CPU.Build.0 = Debug|Any CPU
		{A864DB8C-80FE-4C55-A605-CB37320FAEFE}.Release|Any CPU.ActiveCfg = Release|Any CPU
		{A864DB8C-80FE-4C55-A605-CB37320FAEFE}.Release|Any CPU.Build.0 = Release|Any CPU
		{B0A0E97A-135E-4A77-8CA7-6061368AF287}.Debug|Any CPU.ActiveCfg = Debug|Any CPU
		{B0A0E97A-135E-4A77-8CA7-6061368AF287}.Debug|Any CPU.Build.0 = Debug|Any CPU
		{B0A0E97A-135E-4A77-8CA7-6061368AF287}.Release|Any CPU.ActiveCfg = Release|Any CPU
		{B0A0E97A-135E-4A77-8CA7-6061368AF287}.Release|Any CPU.Build.0 = Release|Any CPU
		{793D5D17-1D41-474B-9B8A-81427FB35CC4}.Debug|Any CPU.ActiveCfg = Debug|Any CPU
		{793D5D17-1D41-474B-9B8A-81427FB35CC4}.Debug|Any CPU.Build.0 = Debug|Any CPU
		{793D5D17-1D41-474B-9B8A-81427FB35CC4}.Release|Any CPU.ActiveCfg = Release|Any CPU
		{793D5D17-1D41-474B-9B8A-81427FB35CC4}.Release|Any CPU.Build.0 = Release|Any CPU
	EndGlobalSection
	GlobalSection(SolutionProperties) = preSolution
		HideSolutionNode = FALSE
	EndGlobalSection
	GlobalSection(NestedProjects) = preSolution
		{BA891D87-C83C-4851-9929-78072282B124} = {7DC331D0-3EC4-40A6-69FB-1CBEB2E0D1EA}
		{4DF7BD43-8692-4DA7-BFFC-5D765142968A} = {7DC331D0-3EC4-40A6-69FB-1CBEB2E0D1EA}
		{A864DB8C-80FE-4C55-A605-CB37320FAEFE} = {02EA681E-C7D8-13C7-8484-4AC65E1B71E8}
		{B0A0E97A-135E-4A77-8CA7-6061368AF287} = {02EA681E-C7D8-13C7-8484-4AC65E1B71E8}
		{793D5D17-1D41-474B-9B8A-81427FB35CC4} = {369CB01D-A1A7-72D2-AABC-3F0945D148A2}
	EndGlobalSection
	GlobalSection(ExtensibilityGlobals) = postSolution
		SolutionGuid = {4F400B95-94C0-4C62-A4EB-E389876D23D4}
	EndGlobalSection
EndGlobal
